
Microsoft Visual Studio Solution File, Format Version 12.00
# Visual Studio 2013
VisualStudioVersion = 12.0.30501.0
MinimumVisualStudioVersion = 10.0.40219.1
Project("{FAE04EC0-301F-11D3-BF4B-00C04F79EFBC}") = "TinyReflectiveToolkit", "TinyReflectiveToolkit\TinyReflectiveToolkit.csproj", "{F3A646D0-87B5-44B4-8689-417AC0DC1B8E}"
EndProject
Project("{FAE04EC0-301F-11D3-BF4B-00C04F79EFBC}") = "TinyReflectiveToolkitTests", "TinyReflectiveToolkitTests\TinyReflectiveToolkitTests.csproj", "{5809D126-B430-418B-8099-9793D3E1B0ED}"
EndProject
Global
	GlobalSection(SolutionConfigurationPlatforms) = preSolution
		Debug|Any CPU = Debug|Any CPU
		Release|Any CPU = Release|Any CPU
	EndGlobalSection
	GlobalSection(ProjectConfigurationPlatforms) = postSolution
		{F3A646D0-87B5-44B4-8689-417AC0DC1B8E}.Debug|Any CPU.ActiveCfg = Debug|Any CPU
		{F3A646D0-87B5-44B4-8689-417AC0DC1B8E}.Debug|Any CPU.Build.0 = Debug|Any CPU
		{F3A646D0-87B5-44B4-8689-417AC0DC1B8E}.Release|Any CPU.ActiveCfg = Release|Any CPU
		{F3A646D0-87B5-44B4-8689-417AC0DC1B8E}.Release|Any CPU.Build.0 = Release|Any CPU
		{5809D126-B430-418B-8099-9793D3E1B0ED}.Debug|Any CPU.ActiveCfg = Debug|Any CPU
		{5809D126-B430-418B-8099-9793D3E1B0ED}.Debug|Any CPU.Build.0 = Debug|Any CPU
		{5809D126-B430-418B-8099-9793D3E1B0ED}.Release|Any CPU.ActiveCfg = Release|Any CPU
		{5809D126-B430-418B-8099-9793D3E1B0ED}.Release|Any CPU.Build.0 = Release|Any CPU
	EndGlobalSection
	GlobalSection(SolutionProperties) = preSolution
		HideSolutionNode = FALSE
	EndGlobalSection
	GlobalSection(MonoDevelopProperties) = preSolution
		StartupItem = TinyReflectiveToolkit\TinyReflectiveToolkit.csproj
	EndGlobalSection
EndGlobal
